{
  "requires": true,
  "lockfileVersion": 1,
  "dependencies": {
    "mdast-comment-marker": {
      "version": "1.1.0",
      "resolved": "https://registry.npmjs.org/mdast-comment-marker/-/mdast-comment-marker-1.1.0.tgz",
      "integrity": "sha512-NqHAs8nmu08I6MGzpKzgTd9qiCP7oshkyzQrlZxLMsLPUOPjp/Zb/ZtorKD0oOJ38vdZxFCdOlXvlDf77AqEDg=="
    },
    "remark-lint": {
      "version": "6.0.4",
      "resolved": "https://registry.npmjs.org/remark-lint/-/remark-lint-6.0.4.tgz",
      "integrity": "sha512-miD6SKhjEkLgdJXgAmNhGsdY1yIGAzwpoGIn/59MR6nZhshdxSm9/pLPiw9fK3loNASA3j7k//kea6x5vHb+jQ==",
      "requires": {
        "remark-message-control": "^4.0.0"
      }
    },
    "remark-message-control": {
      "version": "4.1.1",
      "resolved": "https://registry.npmjs.org/remark-message-control/-/remark-message-control-4.1.1.tgz",
      "integrity": "sha512-DojJPPeSux/U7aHCN6GUWBgp6F1EQFPUNvnk2gfuGgiMCHVubz/xAC3TkvPaf5w1F0PEGaOEpCtvxJK6O4Kmiw==",
      "requires": {
        "mdast-comment-marker": "^1.0.0",
        "unified-message-control": "^1.0.0",
        "xtend": "^4.0.1"
      }
    },
    "trim": {
      "version": "0.0.1",
      "resolved": "https://registry.npmjs.org/trim/-/trim-0.0.1.tgz",
      "integrity": "sha1-WFhUf2spB1fulczMZm+1AITEYN0="
    },
    "unified-message-control": {
      "version": "1.0.4",
      "resolved": "https://registry.npmjs.org/unified-message-control/-/unified-message-control-1.0.4.tgz",
      "integrity": "sha512-e1dEtN4Z/TvLn/qHm+xeZpzqhJTtfZusFErk336kkZVpqrJYiV9ptxq+SbRPFMlN0OkjDYHmVJ929KYjsMTo3g==",
      "requires": {
        "trim": "0.0.1",
        "unist-util-visit": "^1.0.0",
        "vfile-location": "^2.0.0"
      }
    },
    "unist-util-is": {
      "version": "2.1.2",
      "resolved": "https://registry.npmjs.org/unist-util-is/-/unist-util-is-2.1.2.tgz",
      "integrity": "sha512-YkXBK/H9raAmG7KXck+UUpnKiNmUdB+aBGrknfQ4EreE1banuzrKABx3jP6Z5Z3fMSPMQQmeXBlKpCbMwBkxVw=="
    },
    "unist-util-visit": {
      "version": "1.4.0",
      "resolved": "https://registry.npmjs.org/unist-util-visit/-/unist-util-visit-1.4.0.tgz",
      "integrity": "sha512-FiGu34ziNsZA3ZUteZxSFaczIjGmksfSgdKqBfOejrrfzyUy5b7YrlzT1Bcvi+djkYDituJDy2XB7tGTeBieKw==",
      "requires": {
        "unist-util-visit-parents": "^2.0.0"
      }
    },
    "unist-util-visit-parents": {
      "version": "2.0.1",
      "resolved": "https://registry.npmjs.org/unist-util-visit-parents/-/unist-util-visit-parents-2.0.1.tgz",
      "integrity": "sha512-6B0UTiMfdWql4cQ03gDTCSns+64Zkfo2OCbK31Ov0uMizEz+CJeAp0cgZVb5Fhmcd7Bct2iRNywejT0orpbqUA==",
      "requires": {
        "unist-util-is": "^2.1.2"
      }
    },
    "vfile-location": {
      "version": "2.0.4",
      "resolved": "https://registry.npmjs.org/vfile-location/-/vfile-location-2.0.4.tgz",
      "integrity": "sha512-KRL5uXQPoUKu+NGvQVL4XLORw45W62v4U4gxJ3vRlDfI9QsT4ZN1PNXn/zQpKUulqGDpYuT0XDfp5q9O87/y/w=="
    },
    "xtend": {
      "version": "4.0.1",
      "resolved": "https://registry.npmjs.org/xtend/-/xtend-4.0.1.tgz",
      "integrity": "sha1-pcbVMr5lbiPbgg77lDofBJmNY68="
    }
  }
}
